
Microsoft Visual Studio Solution File, Format Version 12.00
# Visual Studio Version 17
VisualStudioVersion = 17.11.35303.130
MinimumVisualStudioVersion = 10.0.40219.1
Project("{FAE04EC0-301F-11D3-BF4B-00C04F79EFBC}") = "Database Script", "Database Script\Database Script.csproj", "{CA62A28A-3B86-471E-86D3-DC24DFAB8FC5}"
EndProject
Global
	GlobalSection(SolutionConfigurationPlatforms) = preSolution
		Debug|Any CPU = Debug|Any CPU
		Release|Any CPU = Release|Any CPU
	EndGlobalSection
	GlobalSection(ProjectConfigurationPlatforms) = postSolution
		{CA62A28A-3B86-471E-86D3-DC24DFAB8FC5}.Debug|Any CPU.ActiveCfg = Debug|Any CPU
		{CA62A28A-3B86-471E-86D3-DC24DFAB8FC5}.Debug|Any CPU.Build.0 = Debug|Any CPU
		{CA62A28A-3B86-471E-86D3-DC24DFAB8FC5}.Release|Any CPU.ActiveCfg = Release|Any CPU
		{CA62A28A-3B86-471E-86D3-DC24DFAB8FC5}.Release|Any CPU.Build.0 = Release|Any CPU
	EndGlobalSection
	GlobalSection(SolutionProperties) = preSolution
		HideSolutionNode = FALSE
	EndGlobalSection
	GlobalSection(ExtensibilityGlobals) = postSolution
		SolutionGuid = {07891F93-6675-49A1-9E6D-E771D95A2C93}
	EndGlobalSection
EndGlobal
